// !$*UTF8*$!
{
	archiveVersion = 1;
	classes = {
	};
	objectVersion = 63;
	objects = {

/* Begin PBXBuildFile section */
		1085901F2ED1CE5200D77FB1 /* bios.bin in Resources */ = {isa = PBXBuildFile; fileRef = 1085901E2ED1CE5200D77FB1 /* bios.bin */; };
		3464725A44F4A69FBE2AB974 /* libarmsx.dylib in Frameworks */ = {isa = PBXBuildFile; fileRef = 653A133BDB61BD1059CFAF23 /* libarmsx.dylib */; };
		3A83F5253BCB4AD47A6742B1 /* main.m in Sources */ = {isa = PBXBuildFile; fileRef = F686B87C80EB4D3204CDEEC0 /* main.m */; };
		48352C131E8B0327373C61EC /* SDL2.xcframework in Frameworks */ = {isa = PBXBuildFile; fileRef = 518B2258235B15B15373B04A /* SDL2.xcframework */; };
		5480B78F3661F4CB9446657C /* libarmsx.dylib in Embed Frameworks */ = {isa = PBXBuildFile; fileRef = 653A133BDB61BD1059CFAF23 /* libarmsx.dylib */; settings = {ATTRIBUTES = (CodeSignOnCopy, RemoveHeadersOnCopy, ); }; };
		7435C97274E9B2668E6C9C86 /* SDL2.xcframework in Embed Frameworks */ = {isa = PBXBuildFile; fileRef = 518B2258235B15B15373B04A /* SDL2.xcframework */; settings = {ATTRIBUTES = (CodeSignOnCopy, RemoveHeadersOnCopy, ); }; };
		8BC157B9E48AA3D81793AA6A /* ARMSXModule.m in Sources */ = {isa = PBXBuildFile; fileRef = B35E8D4127C001F1E6F6F2AF /* ARMSXModule.m */; };
		B16F42A290ECFF7DF154F24F /* AppDelegate.mm in Sources */ = {isa = PBXBuildFile; fileRef = 9484FEBF96C002F04D73B70C /* AppDelegate.mm */; };
		CB535A71335895F3B1AFB7E3 /* PrivacyInfo.xcprivacy in Resources */ = {isa = PBXBuildFile; fileRef = EB192CCB1425D7B15B24E93A /* PrivacyInfo.xcprivacy */; };
		EFAA42EF186BC1A6B4315DDF /* libPods-ARMSX.a in Frameworks */ = {isa = PBXBuildFile; fileRef = B15244F288D2AB7C06E0752A /* libPods-ARMSX.a */; };
/* End PBXBuildFile section */

/* Begin PBXCopyFilesBuildPhase section */
		8F7F79E31569D7CF1ACBC707 /* Embed Frameworks */ = {
			isa = PBXCopyFilesBuildPhase;
			buildActionMask = 2147483647;
			dstPath = "";
			dstSubfolderSpec = 10;
			files = (
				7435C97274E9B2668E6C9C86 /* SDL2.xcframework in Embed Frameworks */,
				5480B78F3661F4CB9446657C /* libarmsx.dylib in Embed Frameworks */,
			);
			name = "Embed Frameworks";
			runOnlyForDeploymentPostprocessing = 0;
		};
/* End PBXCopyFilesBuildPhase section */

/* Begin PBXFileReference section */
		019479875FC7433ACB65A02E /* Info.plist */ = {isa = PBXFileReference; lastKnownFileType = text.plist; path = Info.plist; sourceTree = "<group>"; };
		1085901E2ED1CE5200D77FB1 /* bios.bin */ = {isa = PBXFileReference; lastKnownFileType = archive.macbinary; name = bios.bin; path = ../../bios.bin; sourceTree = "<group>"; };
		1760EE6722F9E2BEDFDCCC6D /* armsx_bridge.h */ = {isa = PBXFileReference; lastKnownFileType = sourcecode.c.h; path = armsx_bridge.h; sourceTree = "<group>"; };
		518B2258235B15B15373B04A /* SDL2.xcframework */ = {isa = PBXFileReference; lastKnownFileType = wrapper.xcframework; name = SDL2.xcframework; path = ../Frameworks/SDL2.xcframework; sourceTree = "<group>"; };
		64E02E161FEB892FC40F8BE1 /* AppDelegate.h */ = {isa = PBXFileReference; lastKnownFileType = sourcecode.c.h; path = AppDelegate.h; sourceTree = "<group>"; };
		653A133BDB61BD1059CFAF23 /* libarmsx.dylib */ = {isa = PBXFileReference; lastKnownFileType = "compiled.mach-o.dylib"; name = libarmsx.dylib; path = ../Frameworks/libarmsx.dylib; sourceTree = "<group>"; };
		67F12B2E9A249BA431A15C7C /* Pods-ARMSX.debug.xcconfig */ = {isa = PBXFileReference; includeInIndex = 1; lastKnownFileType = text.xcconfig; name = "Pods-ARMSX.debug.xcconfig"; path = "Target Support Files/Pods-ARMSX/Pods-ARMSX.debug.xcconfig"; sourceTree = "<group>"; };
		6E26D0ECD2CD966E5EA1C326 /* Pods-ARMSX.release.xcconfig */ = {isa = PBXFileReference; lastKnownFileType = text.xcconfig; path = "Pods-ARMSX.release.xcconfig"; sourceTree = "<group>"; };
		87BA3EE4597141AA97A5557D /* ARMSX.app */ = {isa = PBXFileReference; explicitFileType = wrapper.application; includeInIndex = 0; path = ARMSX.app; sourceTree = BUILT_PRODUCTS_DIR; };
		9484FEBF96C002F04D73B70C /* AppDelegate.mm */ = {isa = PBXFileReference; lastKnownFileType = sourcecode.cpp.objcpp; path = AppDelegate.mm; sourceTree = "<group>"; };
		996CB57F5DD4B88A0931BB95 /* ARMSXModule.h */ = {isa = PBXFileReference; lastKnownFileType = sourcecode.c.h; path = ARMSXModule.h; sourceTree = "<group>"; };
		B15244F288D2AB7C06E0752A /* libPods-ARMSX.a */ = {isa = PBXFileReference; explicitFileType = archive.ar; includeInIndex = 0; path = "libPods-ARMSX.a"; sourceTree = BUILT_PRODUCTS_DIR; };
		B35E8D4127C001F1E6F6F2AF /* ARMSXModule.m */ = {isa = PBXFileReference; lastKnownFileType = sourcecode.c.objc; path = ARMSXModule.m; sourceTree = "<group>"; };
		E3FAF87D7E4A2345FC43CA68 /* Pods-ARMSX.debug.xcconfig */ = {isa = PBXFileReference; lastKnownFileType = text.xcconfig; path = "Pods-ARMSX.debug.xcconfig"; sourceTree = "<group>"; };
		EB192CCB1425D7B15B24E93A /* PrivacyInfo.xcprivacy */ = {isa = PBXFileReference; includeInIndex = 1; lastKnownFileType = text.xml; path = PrivacyInfo.xcprivacy; sourceTree = "<group>"; };
		F150862C7055ADDBB5B57CF1 /* Pods-ARMSX.release.xcconfig */ = {isa = PBXFileReference; includeInIndex = 1; lastKnownFileType = text.xcconfig; name = "Pods-ARMSX.release.xcconfig"; path = "Target Support Files/Pods-ARMSX/Pods-ARMSX.release.xcconfig"; sourceTree = "<group>"; };
		F686B87C80EB4D3204CDEEC0 /* main.m */ = {isa = PBXFileReference; lastKnownFileType = sourcecode.c.objc; path = main.m; sourceTree = "<group>"; };
/* End PBXFileReference section */

/* Begin PBXFrameworksBuildPhase section */
		D6910F21954EF81975654CFA /* Frameworks */ = {
			isa = PBXFrameworksBuildPhase;
			buildActionMask = 2147483647;
			files = (
				48352C131E8B0327373C61EC /* SDL2.xcframework in Frameworks */,
				3464725A44F4A69FBE2AB974 /* libarmsx.dylib in Frameworks */,
				EFAA42EF186BC1A6B4315DDF /* libPods-ARMSX.a in Frameworks */,
			);
			runOnlyForDeploymentPostprocessing = 0;
		};
/* End PBXFrameworksBuildPhase section */

/* Begin PBXGroup section */
		473DBC863A1B097C0DD3710F /* Frameworks */ = {
			isa = PBXGroup;
			children = (
				653A133BDB61BD1059CFAF23 /* libarmsx.dylib */,
				518B2258235B15B15373B04A /* SDL2.xcframework */,
				B15244F288D2AB7C06E0752A /* libPods-ARMSX.a */,
			);
			name = Frameworks;
			sourceTree = "<group>";
		};
		48D57A41DAF59CF0D443A086 = {
			isa = PBXGroup;
			children = (
				1085901E2ED1CE5200D77FB1 /* bios.bin */,
				B6E3FD0B464E641CA58C9EA3 /* Pods-ARMSX */,
				D0581165A1AB8CE875BD92E0 /* Sources */,
				473DBC863A1B097C0DD3710F /* Frameworks */,
				9B7D6BDFE7232B2E5D8A379F /* Products */,
				EB192CCB1425D7B15B24E93A /* PrivacyInfo.xcprivacy */,
				A221D24E0608A650E479FF55 /* Pods */,
			);
			sourceTree = "<group>";
		};
		9B7D6BDFE7232B2E5D8A379F /* Products */ = {
			isa = PBXGroup;
			children = (
				87BA3EE4597141AA97A5557D /* ARMSX.app */,
			);
			name = Products;
			sourceTree = "<group>";
		};
		A221D24E0608A650E479FF55 /* Pods */ = {
			isa = PBXGroup;
			children = (
				67F12B2E9A249BA431A15C7C /* Pods-ARMSX.debug.xcconfig */,
				F150862C7055ADDBB5B57CF1 /* Pods-ARMSX.release.xcconfig */,
			);
			path = Pods;
			sourceTree = "<group>";
		};
		B6E3FD0B464E641CA58C9EA3 /* Pods-ARMSX */ = {
			isa = PBXGroup;
			children = (
				E3FAF87D7E4A2345FC43CA68 /* Pods-ARMSX.debug.xcconfig */,
				6E26D0ECD2CD966E5EA1C326 /* Pods-ARMSX.release.xcconfig */,
			);
			name = "Pods-ARMSX";
			path = "Pods/Target Support Files/Pods-ARMSX";
			sourceTree = "<group>";
		};
		D0581165A1AB8CE875BD92E0 /* Sources */ = {
			isa = PBXGroup;
			children = (
				64E02E161FEB892FC40F8BE1 /* AppDelegate.h */,
				9484FEBF96C002F04D73B70C /* AppDelegate.mm */,
				1760EE6722F9E2BEDFDCCC6D /* armsx_bridge.h */,
				996CB57F5DD4B88A0931BB95 /* ARMSXModule.h */,
				B35E8D4127C001F1E6F6F2AF /* ARMSXModule.m */,
				019479875FC7433ACB65A02E /* Info.plist */,
				F686B87C80EB4D3204CDEEC0 /* main.m */,
			);
			path = Sources;
			sourceTree = "<group>";
		};
/* End PBXGroup section */

/* Begin PBXNativeTarget section */
		6B7EECC7E0E8E94CFC0841B0 /* ARMSX */ = {
			isa = PBXNativeTarget;
			buildConfigurationList = 1A8EEE030E970E82EC7B77F8 /* Build configuration list for PBXNativeTarget "ARMSX" */;
			buildPhases = (
				EFC8122B20E4CF7480A3496D /* [CP] Check Pods Manifest.lock */,
				21709ABD74D1031F0389C4EC /* Sources */,
				D6910F21954EF81975654CFA /* Frameworks */,
				8F7F79E31569D7CF1ACBC707 /* Embed Frameworks */,
				469D63DB0DB7A815B1CF8164 /* Resources */,
				DBCAE27636921EA4F4D6F40B /* [CP] Embed Pods Frameworks */,
				15CF2083A041D419876ECE72 /* [CP] Copy Pods Resources */,
			);
			buildRules = (
			);
			dependencies = (
			);
			name = ARMSX;
			productName = ARMSX;
			productReference = 87BA3EE4597141AA97A5557D /* ARMSX.app */;
			productType = "com.apple.product-type.application";
		};
/* End PBXNativeTarget section */

/* Begin PBXProject section */
		4FA5867908AE4E4AEECC69A2 /* Project object */ = {
			isa = PBXProject;
			attributes = {
				BuildIndependentTargetsInParallel = YES;
				LastUpgradeCheck = 1430;
			};
			buildConfigurationList = FBD22F5C337AFF8855769BCD /* Build configuration list for PBXProject "ARMSX" */;
			compatibilityVersion = "Xcode 14.0";
			developmentRegion = en;
			hasScannedForEncodings = 0;
			knownRegions = (
				Base,
				en,
			);
			mainGroup = 48D57A41DAF59CF0D443A086;
			minimizedProjectReferenceProxies = 1;
			productRefGroup = 9B7D6BDFE7232B2E5D8A379F /* Products */;
			projectDirPath = "";
			projectRoot = "";
			targets = (
				6B7EECC7E0E8E94CFC0841B0 /* ARMSX */,
			);
		};
/* End PBXProject section */

/* Begin PBXResourcesBuildPhase section */
		469D63DB0DB7A815B1CF8164 /* Resources */ = {
			isa = PBXResourcesBuildPhase;
			buildActionMask = 2147483647;
			files = (
				1085901F2ED1CE5200D77FB1 /* bios.bin in Resources */,
				CB535A71335895F3B1AFB7E3 /* PrivacyInfo.xcprivacy in Resources */,
			);
			runOnlyForDeploymentPostprocessing = 0;
		};
/* End PBXResourcesBuildPhase section */

/* Begin PBXShellScriptBuildPhase section */
		15CF2083A041D419876ECE72 /* [CP] Copy Pods Resources */ = {
			isa = PBXShellScriptBuildPhase;
			buildActionMask = 2147483647;
			files = (
			);
			inputFileListPaths = (
				"${PODS_ROOT}/Target Support Files/Pods-ARMSX/Pods-ARMSX-resources-${CONFIGURATION}-input-files.xcfilelist",
			);
			inputPaths = (
			);
			name = "[CP] Copy Pods Resources";
			outputFileListPaths = (
				"${PODS_ROOT}/Target Support Files/Pods-ARMSX/Pods-ARMSX-resources-${CONFIGURATION}-output-files.xcfilelist",
			);
			outputPaths = (
			);
			runOnlyForDeploymentPostprocessing = 0;
			shellPath = /bin/sh;
			shellScript = "\"${PODS_ROOT}/Target Support Files/Pods-ARMSX/Pods-ARMSX-resources.sh\"\n";
			showEnvVarsInLog = 0;
		};
		DBCAE27636921EA4F4D6F40B /* [CP] Embed Pods Frameworks */ = {
			isa = PBXShellScriptBuildPhase;
			buildActionMask = 2147483647;
			files = (
			);
			inputFileListPaths = (
				"${PODS_ROOT}/Target Support Files/Pods-ARMSX/Pods-ARMSX-frameworks-${CONFIGURATION}-input-files.xcfilelist",
			);
			inputPaths = (
			);
			name = "[CP] Embed Pods Frameworks";
			outputFileListPaths = (
				"${PODS_ROOT}/Target Support Files/Pods-ARMSX/Pods-ARMSX-frameworks-${CONFIGURATION}-output-files.xcfilelist",
			);
			outputPaths = (
			);
			runOnlyForDeploymentPostprocessing = 0;
			shellPath = /bin/sh;
			shellScript = "\"${PODS_ROOT}/Target Support Files/Pods-ARMSX/Pods-ARMSX-frameworks.sh\"\n";
			showEnvVarsInLog = 0;
		};
		EFC8122B20E4CF7480A3496D /* [CP] Check Pods Manifest.lock */ = {
			isa = PBXShellScriptBuildPhase;
			buildActionMask = 2147483647;
			files = (
			);
			inputFileListPaths = (
			);
			inputPaths = (
				"${PODS_PODFILE_DIR_PATH}/Podfile.lock",
				"${PODS_ROOT}/Manifest.lock",
			);
			name = "[CP] Check Pods Manifest.lock";
			outputFileListPaths = (
			);
			outputPaths = (
				"$(DERIVED_FILE_DIR)/Pods-ARMSX-checkManifestLockResult.txt",
			);
			runOnlyForDeploymentPostprocessing = 0;
			shellPath = /bin/sh;
			shellScript = "diff \"${PODS_PODFILE_DIR_PATH}/Podfile.lock\" \"${PODS_ROOT}/Manifest.lock\" > /dev/null\nif [ $? != 0 ] ; then\n    # print error to STDERR\n    echo \"error: The sandbox is not in sync with the Podfile.lock. Run 'pod install' or update your CocoaPods installation.\" >&2\n    exit 1\nfi\n# This output is used by Xcode 'outputs' to avoid re-running this script phase.\necho \"SUCCESS\" > \"${SCRIPT_OUTPUT_FILE_0}\"\n";
			showEnvVarsInLog = 0;
		};
/* End PBXShellScriptBuildPhase section */

/* Begin PBXSourcesBuildPhase section */
		21709ABD74D1031F0389C4EC /* Sources */ = {
			isa = PBXSourcesBuildPhase;
			buildActionMask = 2147483647;
			files = (
				8BC157B9E48AA3D81793AA6A /* ARMSXModule.m in Sources */,
				B16F42A290ECFF7DF154F24F /* AppDelegate.mm in Sources */,
				3A83F5253BCB4AD47A6742B1 /* main.m in Sources */,
			);
			runOnlyForDeploymentPostprocessing = 0;
		};
/* End PBXSourcesBuildPhase section */

/* Begin XCBuildConfiguration section */
		6C84D25B5BF8B28E170A1AC3 /* Debug */ = {
			isa = XCBuildConfiguration;
			baseConfigurationReference = 67F12B2E9A249BA431A15C7C /* Pods-ARMSX.debug.xcconfig */;
			buildSettings = {
				ASSETCATALOG_COMPILER_APPICON_NAME = AppIcon;
				CODE_SIGN_IDENTITY = "iPhone Developer";
				DEVELOPMENT_TEAM = L296QD7JFU;
				FRAMEWORK_SEARCH_PATHS = (
					"$(inherited)",
					"$(PROJECT_DIR)/../Frameworks",
					"\"../Frameworks\"",
				);
				INFOPLIST_FILE = Sources/Info.plist;
				IPHONEOS_DEPLOYMENT_TARGET = 15.1;
				LD_RUNPATH_SEARCH_PATHS = (
					"$(inherited)",
					"@executable_path/Frameworks",
				);
				LIBRARY_SEARCH_PATHS = (
					"$(inherited)",
					"$(SDKROOT)/usr/lib/swift",
					"$(PROJECT_DIR)/../Frameworks",
				);
				OTHER_LDFLAGS = (
					"$(inherited)",
					"-ObjC",
				);
				PRODUCT_BUNDLE_IDENTIFIER = com.nanodata.armsx;
				SDKROOT = iphoneos;
				TARGETED_DEVICE_FAMILY = "1,2";
				USE_HERMES = YES;
			};
			name = Debug;
		};
		D98035B897969C0612DD6745 /* Debug */ = {
			isa = XCBuildConfiguration;
			buildSettings = {
				ALWAYS_SEARCH_USER_PATHS = NO;
				CLANG_ANALYZER_NONNULL = YES;
				CLANG_ANALYZER_NUMBER_OBJECT_CONVERSION = YES_AGGRESSIVE;
				CLANG_CXX_LANGUAGE_STANDARD = "c++20";
				CLANG_CXX_LIBRARY = "libc++";
				CLANG_ENABLE_MODULES = YES;
				CLANG_ENABLE_OBJC_ARC = YES;
				CLANG_ENABLE_OBJC_WEAK = YES;
				CLANG_WARN_BLOCK_CAPTURE_AUTORELEASING = YES;
				CLANG_WARN_BOOL_CONVERSION = YES;
				CLANG_WARN_COMMA = YES;
				CLANG_WARN_CONSTANT_CONVERSION = YES;
				CLANG_WARN_DEPRECATED_OBJC_IMPLEMENTATIONS = YES;
				CLANG_WARN_DIRECT_OBJC_ISA_USAGE = YES_ERROR;
				CLANG_WARN_DOCUMENTATION_COMMENTS = YES;
				CLANG_WARN_EMPTY_BODY = YES;
				CLANG_WARN_ENUM_CONVERSION = YES;
				CLANG_WARN_INFINITE_RECURSION = YES;
				CLANG_WARN_INT_CONVERSION = YES;
				CLANG_WARN_NON_LITERAL_NULL_CONVERSION = YES;
				CLANG_WARN_OBJC_IMPLICIT_RETAIN_SELF = YES;
				CLANG_WARN_OBJC_LITERAL_CONVERSION = YES;
				CLANG_WARN_OBJC_ROOT_CLASS = YES_ERROR;
				CLANG_WARN_QUOTED_INCLUDE_IN_FRAMEWORK_HEADER = YES;
				CLANG_WARN_RANGE_LOOP_ANALYSIS = YES;
				CLANG_WARN_STRICT_PROTOTYPES = YES;
				CLANG_WARN_SUSPICIOUS_MOVE = YES;
				CLANG_WARN_UNGUARDED_AVAILABILITY = YES_AGGRESSIVE;
				CLANG_WARN_UNREACHABLE_CODE = YES;
				CLANG_WARN__DUPLICATE_METHOD_MATCH = YES;
				COPY_PHASE_STRIP = NO;
				DEBUG_INFORMATION_FORMAT = dwarf;
				DEVELOPMENT_TEAM = "";
				ENABLE_STRICT_OBJC_MSGSEND = YES;
				ENABLE_TESTABILITY = YES;
				GCC_C_LANGUAGE_STANDARD = gnu11;
				GCC_DYNAMIC_NO_PIC = NO;
				GCC_NO_COMMON_BLOCKS = YES;
				GCC_OPTIMIZATION_LEVEL = 0;
				GCC_PREPROCESSOR_DEFINITIONS = (
					"$(inherited)",
					"DEBUG=1",
				);
				GCC_WARN_64_TO_32_BIT_CONVERSION = YES;
				GCC_WARN_ABOUT_RETURN_TYPE = YES_ERROR;
				GCC_WARN_UNDECLARED_SELECTOR = YES;
				GCC_WARN_UNINITIALIZED_AUTOS = YES_AGGRESSIVE;
				GCC_WARN_UNUSED_FUNCTION = YES;
				GCC_WARN_UNUSED_VARIABLE = YES;
				IPHONEOS_DEPLOYMENT_TARGET = 15.1;
				MTL_ENABLE_DEBUG_INFO = INCLUDE_SOURCE;
				MTL_FAST_MATH = YES;
				ONLY_ACTIVE_ARCH = YES;
				OTHER_LDFLAGS = "$(inherited)  ";
				PRODUCT_NAME = "$(TARGET_NAME)";
				REACT_NATIVE_PATH = "${PODS_ROOT}/../../../node_modules/react-native";
				SDKROOT = iphoneos;
				SWIFT_ACTIVE_COMPILATION_CONDITIONS = "$(inherited) DEBUG";
				SWIFT_OPTIMIZATION_LEVEL = "-Onone";
				SWIFT_VERSION = 5.0;
				USE_HERMES = true;
			};
			name = Debug;
		};
		E5A851D09B8D6818D185F944 /* Release */ = {
			isa = XCBuildConfiguration;
			buildSettings = {
				ALWAYS_SEARCH_USER_PATHS = NO;
				CLANG_ANALYZER_NONNULL = YES;
				CLANG_ANALYZER_NUMBER_OBJECT_CONVERSION = YES_AGGRESSIVE;
				CLANG_CXX_LANGUAGE_STANDARD = "c++20";
				CLANG_CXX_LIBRARY = "libc++";
				CLANG_ENABLE_MODULES = YES;
				CLANG_ENABLE_OBJC_ARC = YES;
				CLANG_ENABLE_OBJC_WEAK = YES;
				CLANG_WARN_BLOCK_CAPTURE_AUTORELEASING = YES;
				CLANG_WARN_BOOL_CONVERSION = YES;
				CLANG_WARN_COMMA = YES;
				CLANG_WARN_CONSTANT_CONVERSION = YES;
				CLANG_WARN_DEPRECATED_OBJC_IMPLEMENTATIONS = YES;
				CLANG_WARN_DIRECT_OBJC_ISA_USAGE = YES_ERROR;
				CLANG_WARN_DOCUMENTATION_COMMENTS = YES;
				CLANG_WARN_EMPTY_BODY = YES;
				CLANG_WARN_ENUM_CONVERSION = YES;
				CLANG_WARN_INFINITE_RECURSION = YES;
				CLANG_WARN_INT_CONVERSION = YES;
				CLANG_WARN_NON_LITERAL_NULL_CONVERSION = YES;
				CLANG_WARN_OBJC_IMPLICIT_RETAIN_SELF = YES;
				CLANG_WARN_OBJC_LITERAL_CONVERSION = YES;
				CLANG_WARN_OBJC_ROOT_CLASS = YES_ERROR;
				CLANG_WARN_QUOTED_INCLUDE_IN_FRAMEWORK_HEADER = YES;
				CLANG_WARN_RANGE_LOOP_ANALYSIS = YES;
				CLANG_WARN_STRICT_PROTOTYPES = YES;
				CLANG_WARN_SUSPICIOUS_MOVE = YES;
				CLANG_WARN_UNGUARDED_AVAILABILITY = YES_AGGRESSIVE;
				CLANG_WARN_UNREACHABLE_CODE = YES;
				CLANG_WARN__DUPLICATE_METHOD_MATCH = YES;
				COPY_PHASE_STRIP = NO;
				DEBUG_INFORMATION_FORMAT = "dwarf-with-dsym";
				DEVELOPMENT_TEAM = "";
				ENABLE_NS_ASSERTIONS = NO;
				ENABLE_STRICT_OBJC_MSGSEND = YES;
				GCC_C_LANGUAGE_STANDARD = gnu11;
				GCC_NO_COMMON_BLOCKS = YES;
				GCC_WARN_64_TO_32_BIT_CONVERSION = YES;
				GCC_WARN_ABOUT_RETURN_TYPE = YES_ERROR;
				GCC_WARN_UNDECLARED_SELECTOR = YES;
				GCC_WARN_UNINITIALIZED_AUTOS = YES_AGGRESSIVE;
				GCC_WARN_UNUSED_FUNCTION = YES;
				GCC_WARN_UNUSED_VARIABLE = YES;
				IPHONEOS_DEPLOYMENT_TARGET = 15.1;
				MTL_ENABLE_DEBUG_INFO = NO;
				MTL_FAST_MATH = YES;
				OTHER_LDFLAGS = "$(inherited)  ";
				PRODUCT_NAME = "$(TARGET_NAME)";
				REACT_NATIVE_PATH = "${PODS_ROOT}/../../../node_modules/react-native";
				SDKROOT = iphoneos;
				SWIFT_COMPILATION_MODE = wholemodule;
				SWIFT_OPTIMIZATION_LEVEL = "-O";
				SWIFT_VERSION = 5.0;
				USE_HERMES = true;
			};
			name = Release;
		};
		EA79FDBEDBB17F1B501A7D1A /* Release */ = {
			isa = XCBuildConfiguration;
			baseConfigurationReference = F150862C7055ADDBB5B57CF1 /* Pods-ARMSX.release.xcconfig */;
			buildSettings = {
				ASSETCATALOG_COMPILER_APPICON_NAME = AppIcon;
				CODE_SIGN_IDENTITY = "iPhone Developer";
				DEVELOPMENT_TEAM = L296QD7JFU;
				FRAMEWORK_SEARCH_PATHS = (
					"$(inherited)",
					"$(PROJECT_DIR)/../Frameworks",
					"\"../Frameworks\"",
				);
				INFOPLIST_FILE = Sources/Info.plist;
				IPHONEOS_DEPLOYMENT_TARGET = 15.1;
				LD_RUNPATH_SEARCH_PATHS = (
					"$(inherited)",
					"@executable_path/Frameworks",
				);
				LIBRARY_SEARCH_PATHS = (
					"$(inherited)",
					"$(SDKROOT)/usr/lib/swift",
					"$(PROJECT_DIR)/../Frameworks",
				);
				OTHER_LDFLAGS = (
					"$(inherited)",
					"-ObjC",
				);
				PRODUCT_BUNDLE_IDENTIFIER = com.nanodata.armsx;
				SDKROOT = iphoneos;
				TARGETED_DEVICE_FAMILY = "1,2";
				USE_HERMES = YES;
			};
			name = Release;
		};
/* End XCBuildConfiguration section */

/* Begin XCConfigurationList section */
		1A8EEE030E970E82EC7B77F8 /* Build configuration list for PBXNativeTarget "ARMSX" */ = {
			isa = XCConfigurationList;
			buildConfigurations = (
				6C84D25B5BF8B28E170A1AC3 /* Debug */,
				EA79FDBEDBB17F1B501A7D1A /* Release */,
			);
			defaultConfigurationIsVisible = 0;
			defaultConfigurationName = Debug;
		};
		FBD22F5C337AFF8855769BCD /* Build configuration list for PBXProject "ARMSX" */ = {
			isa = XCConfigurationList;
			buildConfigurations = (
				D98035B897969C0612DD6745 /* Debug */,
				E5A851D09B8D6818D185F944 /* Release */,
			);
			defaultConfigurationIsVisible = 0;
			defaultConfigurationName = Debug;
		};
/* End XCConfigurationList section */
	};
	rootObject = 4FA5867908AE4E4AEECC69A2 /* Project object */;
}
